{
  "name": "codex-codebase-auditor",
  "version": "1.0.0",
  "lockfileVersion": 3,
  "requires": true,
  "packages": {
    "": {
      "name": "codex-codebase-auditor",
      "version": "1.0.0",
      "license": "MIT",
      "bin": {
        "codex-codebase-auditor": "bin/codex-codebase-auditor.js"
      },
      "engines": {
        "node": ">=18"
      }
    }
  }
}
